
Microsoft Visual Studio Solution File, Format Version 12.00
# Visual Studio Version 17
VisualStudioVersion = 17.11.35222.181
MinimumVisualStudioVersion = 10.0.40219.1
Project("{FAE04EC0-301F-11D3-BF4B-00C04F79EFBC}") = "lab3(2).6", "lab3(2).6\lab3(2).6.csproj", "{F888DD02-1B7F-4DFA-8819-927C650D9B6A}"
EndProject
Global
	GlobalSection(SolutionConfigurationPlatforms) = preSolution
		Debug|Any CPU = Debug|Any CPU
		Release|Any CPU = Release|Any CPU
	EndGlobalSection
	GlobalSection(ProjectConfigurationPlatforms) = postSolution
		{F888DD02-1B7F-4DFA-8819-927C650D9B6A}.Debug|Any CPU.ActiveCfg = Debug|Any CPU
		{F888DD02-1B7F-4DFA-8819-927C650D9B6A}.Debug|Any CPU.Build.0 = Debug|Any CPU
		{F888DD02-1B7F-4DFA-8819-927C650D9B6A}.Release|Any CPU.ActiveCfg = Release|Any CPU
		{F888DD02-1B7F-4DFA-8819-927C650D9B6A}.Release|Any CPU.Build.0 = Release|Any CPU
	EndGlobalSection
	GlobalSection(SolutionProperties) = preSolution
		HideSolutionNode = FALSE
	EndGlobalSection
	GlobalSection(ExtensibilityGlobals) = postSolution
		SolutionGuid = {B819DDA5-380E-41AF-8F7B-93D41114A61A}
	EndGlobalSection
EndGlobal
